// !$*UTF8*$!
{
	archiveVersion = 1;
	classes = {
	};
	objectVersion = 50;
	objects = {

/* Begin PBXBuildFile section */
		7BAEA0097D50A4FBBEEB0510 /* Pods_VideoNetPlayer.framework in Frameworks */ = {isa = PBXBuildFile; fileRef = 0EFDFBFF5D26D991BA4BC0AC /* Pods_VideoNetPlayer.framework */; };
		AD8A79762204B8B300B0989F /* String+Ext.swift in Sources */ = {isa = PBXBuildFile; fileRef = AD8A79752204B8B300B0989F /* String+Ext.swift */; };
		AD8A79782205484600B0989F /* DownloadManager.swift in Sources */ = {isa = PBXBuildFile; fileRef = AD8A79772205484600B0989F /* DownloadManager.swift */; };
		AD8A797B220556C700B0989F /* AVPlayerController.swift in Sources */ = {isa = PBXBuildFile; fileRef = AD8A7979220556C700B0989F /* AVPlayerController.swift */; };
		AD8A797C220556C700B0989F /* AVPlayerController.xib in Resources */ = {isa = PBXBuildFile; fileRef = AD8A797A220556C700B0989F /* AVPlayerController.xib */; };
		AD8A797E22060C5A00B0989F /* CMTime+Ext.swift in Sources */ = {isa = PBXBuildFile; fileRef = AD8A797D22060C5A00B0989F /* CMTime+Ext.swift */; };
		AD8A79812206E26C00B0989F /* DownloadError.swift in Sources */ = {isa = PBXBuildFile; fileRef = AD8A79802206E26C00B0989F /* DownloadError.swift */; };
		AD8A7986220725E900B0989F /* DiskManager.swift in Sources */ = {isa = PBXBuildFile; fileRef = AD8A7985220725E900B0989F /* DiskManager.swift */; };
		ADAB2701220352960080A411 /* AppDelegate.swift in Sources */ = {isa = PBXBuildFile; fileRef = ADAB2700220352960080A411 /* AppDelegate.swift */; };
		ADAB2708220352970080A411 /* Assets.xcassets in Resources */ = {isa = PBXBuildFile; fileRef = ADAB2707220352970080A411 /* Assets.xcassets */; };
		ADAB270B220352970080A411 /* LaunchScreen.storyboard in Resources */ = {isa = PBXBuildFile; fileRef = ADAB2709220352970080A411 /* LaunchScreen.storyboard */; };
		ADAB2714220357900080A411 /* VideoPlayerVC.swift in Sources */ = {isa = PBXBuildFile; fileRef = ADAB2712220357900080A411 /* VideoPlayerVC.swift */; };
		ADAB2715220357900080A411 /* VideoPlayerVC.xib in Resources */ = {isa = PBXBuildFile; fileRef = ADAB2713220357900080A411 /* VideoPlayerVC.xib */; };
		ADAB271822035B2F0080A411 /* VideoPlayerVM.swift in Sources */ = {isa = PBXBuildFile; fileRef = ADAB271722035B2F0080A411 /* VideoPlayerVM.swift */; };
/* End PBXBuildFile section */

/* Begin PBXFileReference section */
		0EFDFBFF5D26D991BA4BC0AC /* Pods_VideoNetPlayer.framework */ = {isa = PBXFileReference; explicitFileType = wrapper.framework; includeInIndex = 0; path = Pods_VideoNetPlayer.framework; sourceTree = BUILT_PRODUCTS_DIR; };
		6D4B3D7C222D9D388D81C6EF /* Pods-VideoNetPlayer.release.xcconfig */ = {isa = PBXFileReference; includeInIndex = 1; lastKnownFileType = text.xcconfig; name = "Pods-VideoNetPlayer.release.xcconfig"; path = "Pods/Target Support Files/Pods-VideoNetPlayer/Pods-VideoNetPlayer.release.xcconfig"; sourceTree = "<group>"; };
		AD8A79752204B8B300B0989F /* String+Ext.swift */ = {isa = PBXFileReference; lastKnownFileType = sourcecode.swift; path = "String+Ext.swift"; sourceTree = "<group>"; };
		AD8A79772205484600B0989F /* DownloadManager.swift */ = {isa = PBXFileReference; lastKnownFileType = sourcecode.swift; path = DownloadManager.swift; sourceTree = "<group>"; };
		AD8A7979220556C700B0989F /* AVPlayerController.swift */ = {isa = PBXFileReference; lastKnownFileType = sourcecode.swift; path = AVPlayerController.swift; sourceTree = "<group>"; };
		AD8A797A220556C700B0989F /* AVPlayerController.xib */ = {isa = PBXFileReference; lastKnownFileType = file.xib; path = AVPlayerController.xib; sourceTree = "<group>"; };
		AD8A797D22060C5A00B0989F /* CMTime+Ext.swift */ = {isa = PBXFileReference; lastKnownFileType = sourcecode.swift; path = "CMTime+Ext.swift"; sourceTree = "<group>"; };
		AD8A79802206E26C00B0989F /* DownloadError.swift */ = {isa = PBXFileReference; lastKnownFileType = sourcecode.swift; path = DownloadError.swift; sourceTree = "<group>"; };
		AD8A7985220725E900B0989F /* DiskManager.swift */ = {isa = PBXFileReference; lastKnownFileType = sourcecode.swift; path = DiskManager.swift; sourceTree = "<group>"; };
		ADAB26FD220352960080A411 /* VideoNetPlayer.app */ = {isa = PBXFileReference; explicitFileType = wrapper.application; includeInIndex = 0; path = VideoNetPlayer.app; sourceTree = BUILT_PRODUCTS_DIR; };
		ADAB2700220352960080A411 /* AppDelegate.swift */ = {isa = PBXFileReference; lastKnownFileType = sourcecode.swift; path = AppDelegate.swift; sourceTree = "<group>"; };
		ADAB2707220352970080A411 /* Assets.xcassets */ = {isa = PBXFileReference; lastKnownFileType = folder.assetcatalog; path = Assets.xcassets; sourceTree = "<group>"; };
		ADAB270A220352970080A411 /* Base */ = {isa = PBXFileReference; lastKnownFileType = file.storyboard; name = Base; path = Base.lproj/LaunchScreen.storyboard; sourceTree = "<group>"; };
		ADAB270C220352970080A411 /* Info.plist */ = {isa = PBXFileReference; lastKnownFileType = text.plist.xml; path = Info.plist; sourceTree = "<group>"; };
		ADAB2712220357900080A411 /* VideoPlayerVC.swift */ = {isa = PBXFileReference; lastKnownFileType = sourcecode.swift; path = VideoPlayerVC.swift; sourceTree = "<group>"; };
		ADAB2713220357900080A411 /* VideoPlayerVC.xib */ = {isa = PBXFileReference; lastKnownFileType = file.xib; path = VideoPlayerVC.xib; sourceTree = "<group>"; };
		ADAB271722035B2F0080A411 /* VideoPlayerVM.swift */ = {isa = PBXFileReference; lastKnownFileType = sourcecode.swift; path = VideoPlayerVM.swift; sourceTree = "<group>"; };
		CBD6D0B5A032EC0895CA8299 /* Pods-VideoNetPlayer.debug.xcconfig */ = {isa = PBXFileReference; includeInIndex = 1; lastKnownFileType = text.xcconfig; name = "Pods-VideoNetPlayer.debug.xcconfig"; path = "Pods/Target Support Files/Pods-VideoNetPlayer/Pods-VideoNetPlayer.debug.xcconfig"; sourceTree = "<group>"; };
/* End PBXFileReference section */

/* Begin PBXFrameworksBuildPhase section */
		ADAB26FA220352960080A411 /* Frameworks */ = {
			isa = PBXFrameworksBuildPhase;
			buildActionMask = 2147483647;
			files = (
				7BAEA0097D50A4FBBEEB0510 /* Pods_VideoNetPlayer.framework in Frameworks */,
			);
			runOnlyForDeploymentPostprocessing = 0;
		};
/* End PBXFrameworksBuildPhase section */

/* Begin PBXGroup section */
		0B6BD3FD1AF8719658504AA7 /* Frameworks */ = {
			isa = PBXGroup;
			children = (
				0EFDFBFF5D26D991BA4BC0AC /* Pods_VideoNetPlayer.framework */,
			);
			name = Frameworks;
			sourceTree = "<group>";
		};
		9A5287D1E6FD489A74D6254D /* Pods */ = {
			isa = PBXGroup;
			children = (
				CBD6D0B5A032EC0895CA8299 /* Pods-VideoNetPlayer.debug.xcconfig */,
				6D4B3D7C222D9D388D81C6EF /* Pods-VideoNetPlayer.release.xcconfig */,
			);
			name = Pods;
			sourceTree = "<group>";
		};
		AD8A79742204B88100B0989F /* Extensions */ = {
			isa = PBXGroup;
			children = (
				AD8A79752204B8B300B0989F /* String+Ext.swift */,
				AD8A797D22060C5A00B0989F /* CMTime+Ext.swift */,
			);
			path = Extensions;
			sourceTree = "<group>";
		};
		AD8A797F2206E24700B0989F /* Network */ = {
			isa = PBXGroup;
			children = (
				AD8A79772205484600B0989F /* DownloadManager.swift */,
				AD8A79802206E26C00B0989F /* DownloadError.swift */,
			);
			path = Network;
			sourceTree = "<group>";
		};
		AD8A79822206E29E00B0989F /* Support */ = {
			isa = PBXGroup;
			children = (
				ADAB2709220352970080A411 /* LaunchScreen.storyboard */,
			);
			path = Support;
			sourceTree = "<group>";
		};
		AD8A79832206E2F500B0989F /* AVPlayer */ = {
			isa = PBXGroup;
			children = (
				AD8A7979220556C700B0989F /* AVPlayerController.swift */,
				AD8A797A220556C700B0989F /* AVPlayerController.xib */,
			);
			path = AVPlayer;
			sourceTree = "<group>";
		};
		AD8A7984220725C900B0989F /* Disk */ = {
			isa = PBXGroup;
			children = (
				AD8A7985220725E900B0989F /* DiskManager.swift */,
			);
			path = Disk;
			sourceTree = "<group>";
		};
		ADAB26F4220352950080A411 = {
			isa = PBXGroup;
			children = (
				ADAB26FF220352960080A411 /* VideoNetPlayer */,
				ADAB26FE220352960080A411 /* Products */,
				9A5287D1E6FD489A74D6254D /* Pods */,
				0B6BD3FD1AF8719658504AA7 /* Frameworks */,
			);
			sourceTree = "<group>";
		};
		ADAB26FE220352960080A411 /* Products */ = {
			isa = PBXGroup;
			children = (
				ADAB26FD220352960080A411 /* VideoNetPlayer.app */,
			);
			name = Products;
			sourceTree = "<group>";
		};
		ADAB26FF220352960080A411 /* VideoNetPlayer */ = {
			isa = PBXGroup;
			children = (
				AD8A7984220725C900B0989F /* Disk */,
				ADAB2700220352960080A411 /* AppDelegate.swift */,
				ADAB270C220352970080A411 /* Info.plist */,
				ADAB2707220352970080A411 /* Assets.xcassets */,
				AD8A79742204B88100B0989F /* Extensions */,
				AD8A797F2206E24700B0989F /* Network */,
				AD8A79822206E29E00B0989F /* Support */,
				ADAB27162203579B0080A411 /* VideoPlayer */,
			);
			path = VideoNetPlayer;
			sourceTree = "<group>";
		};
		ADAB27162203579B0080A411 /* VideoPlayer */ = {
			isa = PBXGroup;
			children = (
				ADAB2712220357900080A411 /* VideoPlayerVC.swift */,
				ADAB2713220357900080A411 /* VideoPlayerVC.xib */,
				ADAB271722035B2F0080A411 /* VideoPlayerVM.swift */,
				AD8A79832206E2F500B0989F /* AVPlayer */,
			);
			path = VideoPlayer;
			sourceTree = "<group>";
		};
/* End PBXGroup section */

/* Begin PBXNativeTarget section */
		ADAB26FC220352960080A411 /* VideoNetPlayer */ = {
			isa = PBXNativeTarget;
			buildConfigurationList = ADAB270F220352970080A411 /* Build configuration list for PBXNativeTarget "VideoNetPlayer" */;
			buildPhases = (
				FC8074A136B2526DB46BED7B /* [CP] Check Pods Manifest.lock */,
				ADAB26F9220352960080A411 /* Sources */,
				ADAB26FA220352960080A411 /* Frameworks */,
				ADAB26FB220352960080A411 /* Resources */,
				A5483A8A30540B3CEB6024CC /* [CP] Embed Pods Frameworks */,
			);
			buildRules = (
			);
			dependencies = (
			);
			name = VideoNetPlayer;
			productName = VideoNetPlayer;
			productReference = ADAB26FD220352960080A411 /* VideoNetPlayer.app */;
			productType = "com.apple.product-type.application";
		};
/* End PBXNativeTarget section */

/* Begin PBXProject section */
		ADAB26F5220352960080A411 /* Project object */ = {
			isa = PBXProject;
			attributes = {
				LastSwiftUpdateCheck = 1010;
				LastUpgradeCheck = 1010;
				ORGANIZATIONNAME = "Тарас Минин";
				TargetAttributes = {
					ADAB26FC220352960080A411 = {
						CreatedOnToolsVersion = 10.1;
					};
				};
			};
			buildConfigurationList = ADAB26F8220352960080A411 /* Build configuration list for PBXProject "VideoNetPlayer" */;
			compatibilityVersion = "Xcode 9.3";
			developmentRegion = en;
			hasScannedForEncodings = 0;
			knownRegions = (
				en,
				Base,
			);
			mainGroup = ADAB26F4220352950080A411;
			productRefGroup = ADAB26FE220352960080A411 /* Products */;
			projectDirPath = "";
			projectRoot = "";
			targets = (
				ADAB26FC220352960080A411 /* VideoNetPlayer */,
			);
		};
/* End PBXProject section */

/* Begin PBXResourcesBuildPhase section */
		ADAB26FB220352960080A411 /* Resources */ = {
			isa = PBXResourcesBuildPhase;
			buildActionMask = 2147483647;
			files = (
				ADAB270B220352970080A411 /* LaunchScreen.storyboard in Resources */,
				ADAB2708220352970080A411 /* Assets.xcassets in Resources */,
				ADAB2715220357900080A411 /* VideoPlayerVC.xib in Resources */,
				AD8A797C220556C700B0989F /* AVPlayerController.xib in Resources */,
			);
			runOnlyForDeploymentPostprocessing = 0;
		};
/* End PBXResourcesBuildPhase section */

/* Begin PBXShellScriptBuildPhase section */
		A5483A8A30540B3CEB6024CC /* [CP] Embed Pods Frameworks */ = {
			isa = PBXShellScriptBuildPhase;
			buildActionMask = 2147483647;
			files = (
			);
			inputFileListPaths = (
			);
			inputPaths = (
				"${SRCROOT}/Pods/Target Support Files/Pods-VideoNetPlayer/Pods-VideoNetPlayer-frameworks.sh",
				"${BUILT_PRODUCTS_DIR}/RxAtomic/RxAtomic.framework",
				"${BUILT_PRODUCTS_DIR}/RxCocoa/RxCocoa.framework",
				"${BUILT_PRODUCTS_DIR}/RxSwift/RxSwift.framework",
			);
			name = "[CP] Embed Pods Frameworks";
			outputFileListPaths = (
			);
			outputPaths = (
				"${TARGET_BUILD_DIR}/${FRAMEWORKS_FOLDER_PATH}/RxAtomic.framework",
				"${TARGET_BUILD_DIR}/${FRAMEWORKS_FOLDER_PATH}/RxCocoa.framework",
				"${TARGET_BUILD_DIR}/${FRAMEWORKS_FOLDER_PATH}/RxSwift.framework",
			);
			runOnlyForDeploymentPostprocessing = 0;
			shellPath = /bin/sh;
			shellScript = "\"${SRCROOT}/Pods/Target Support Files/Pods-VideoNetPlayer/Pods-VideoNetPlayer-frameworks.sh\"\n";
			showEnvVarsInLog = 0;
		};
		FC8074A136B2526DB46BED7B /* [CP] Check Pods Manifest.lock */ = {
			isa = PBXShellScriptBuildPhase;
			buildActionMask = 2147483647;
			files = (
			);
			inputFileListPaths = (
			);
			inputPaths = (
				"${PODS_PODFILE_DIR_PATH}/Podfile.lock",
				"${PODS_ROOT}/Manifest.lock",
			);
			name = "[CP] Check Pods Manifest.lock";
			outputFileListPaths = (
			);
			outputPaths = (
				"$(DERIVED_FILE_DIR)/Pods-VideoNetPlayer-checkManifestLockResult.txt",
			);
			runOnlyForDeploymentPostprocessing = 0;
			shellPath = /bin/sh;
			shellScript = "diff \"${PODS_PODFILE_DIR_PATH}/Podfile.lock\" \"${PODS_ROOT}/Manifest.lock\" > /dev/null\nif [ $? != 0 ] ; then\n    # print error to STDERR\n    echo \"error: The sandbox is not in sync with the Podfile.lock. Run 'pod install' or update your CocoaPods installation.\" >&2\n    exit 1\nfi\n# This output is used by Xcode 'outputs' to avoid re-running this script phase.\necho \"SUCCESS\" > \"${SCRIPT_OUTPUT_FILE_0}\"\n";
			showEnvVarsInLog = 0;
		};
/* End PBXShellScriptBuildPhase section */

/* Begin PBXSourcesBuildPhase section */
		ADAB26F9220352960080A411 /* Sources */ = {
			isa = PBXSourcesBuildPhase;
			buildActionMask = 2147483647;
			files = (
				AD8A79812206E26C00B0989F /* DownloadError.swift in Sources */,
				ADAB2701220352960080A411 /* AppDelegate.swift in Sources */,
				AD8A79782205484600B0989F /* DownloadManager.swift in Sources */,
				ADAB271822035B2F0080A411 /* VideoPlayerVM.swift in Sources */,
				AD8A79762204B8B300B0989F /* String+Ext.swift in Sources */,
				ADAB2714220357900080A411 /* VideoPlayerVC.swift in Sources */,
				AD8A7986220725E900B0989F /* DiskManager.swift in Sources */,
				AD8A797E22060C5A00B0989F /* CMTime+Ext.swift in Sources */,
				AD8A797B220556C700B0989F /* AVPlayerController.swift in Sources */,
			);
			runOnlyForDeploymentPostprocessing = 0;
		};
/* End PBXSourcesBuildPhase section */

/* Begin PBXVariantGroup section */
		ADAB2709220352970080A411 /* LaunchScreen.storyboard */ = {
			isa = PBXVariantGroup;
			children = (
				ADAB270A220352970080A411 /* Base */,
			);
			name = LaunchScreen.storyboard;
			sourceTree = "<group>";
		};
/* End PBXVariantGroup section */

/* Begin XCBuildConfiguration section */
		ADAB270D220352970080A411 /* Debug */ = {
			isa = XCBuildConfiguration;
			buildSettings = {
				ALWAYS_SEARCH_USER_PATHS = NO;
				CLANG_ANALYZER_NONNULL = YES;
				CLANG_ANALYZER_NUMBER_OBJECT_CONVERSION = YES_AGGRESSIVE;
				CLANG_CXX_LANGUAGE_STANDARD = "gnu++14";
				CLANG_CXX_LIBRARY = "libc++";
				CLANG_ENABLE_MODULES = YES;
				CLANG_ENABLE_OBJC_ARC = YES;
				CLANG_ENABLE_OBJC_WEAK = YES;
				CLANG_WARN_BLOCK_CAPTURE_AUTORELEASING = YES;
				CLANG_WARN_BOOL_CONVERSION = YES;
				CLANG_WARN_COMMA = YES;
				CLANG_WARN_CONSTANT_CONVERSION = YES;
				CLANG_WARN_DEPRECATED_OBJC_IMPLEMENTATIONS = YES;
				CLANG_WARN_DIRECT_OBJC_ISA_USAGE = YES_ERROR;
				CLANG_WARN_DOCUMENTATION_COMMENTS = YES;
				CLANG_WARN_EMPTY_BODY = YES;
				CLANG_WARN_ENUM_CONVERSION = YES;
				CLANG_WARN_INFINITE_RECURSION = YES;
				CLANG_WARN_INT_CONVERSION = YES;
				CLANG_WARN_NON_LITERAL_NULL_CONVERSION = YES;
				CLANG_WARN_OBJC_IMPLICIT_RETAIN_SELF = YES;
				CLANG_WARN_OBJC_LITERAL_CONVERSION = YES;
				CLANG_WARN_OBJC_ROOT_CLASS = YES_ERROR;
				CLANG_WARN_RANGE_LOOP_ANALYSIS = YES;
				CLANG_WARN_STRICT_PROTOTYPES = YES;
				CLANG_WARN_SUSPICIOUS_MOVE = YES;
				CLANG_WARN_UNGUARDED_AVAILABILITY = YES_AGGRESSIVE;
				CLANG_WARN_UNREACHABLE_CODE = YES;
				CLANG_WARN__DUPLICATE_METHOD_MATCH = YES;
				CODE_SIGN_IDENTITY = "iPhone Developer";
				COPY_PHASE_STRIP = NO;
				DEBUG_INFORMATION_FORMAT = dwarf;
				ENABLE_STRICT_OBJC_MSGSEND = YES;
				ENABLE_TESTABILITY = YES;
				GCC_C_LANGUAGE_STANDARD = gnu11;
				GCC_DYNAMIC_NO_PIC = NO;
				GCC_NO_COMMON_BLOCKS = YES;
				GCC_OPTIMIZATION_LEVEL = 0;
				GCC_PREPROCESSOR_DEFINITIONS = (
					"DEBUG=1",
					"$(inherited)",
				);
				GCC_WARN_64_TO_32_BIT_CONVERSION = YES;
				GCC_WARN_ABOUT_RETURN_TYPE = YES_ERROR;
				GCC_WARN_UNDECLARED_SELECTOR = YES;
				GCC_WARN_UNINITIALIZED_AUTOS = YES_AGGRESSIVE;
				GCC_WARN_UNUSED_FUNCTION = YES;
				GCC_WARN_UNUSED_VARIABLE = YES;
				IPHONEOS_DEPLOYMENT_TARGET = 12.1;
				MTL_ENABLE_DEBUG_INFO = INCLUDE_SOURCE;
				MTL_FAST_MATH = YES;
				ONLY_ACTIVE_ARCH = YES;
				SDKROOT = iphoneos;
				SWIFT_ACTIVE_COMPILATION_CONDITIONS = DEBUG;
				SWIFT_OPTIMIZATION_LEVEL = "-Onone";
			};
			name = Debug;
		};
		ADAB270E220352970080A411 /* Release */ = {
			isa = XCBuildConfiguration;
			buildSettings = {
				ALWAYS_SEARCH_USER_PATHS = NO;
				CLANG_ANALYZER_NONNULL = YES;
				CLANG_ANALYZER_NUMBER_OBJECT_CONVERSION = YES_AGGRESSIVE;
				CLANG_CXX_LANGUAGE_STANDARD = "gnu++14";
				CLANG_CXX_LIBRARY = "libc++";
				CLANG_ENABLE_MODULES = YES;
				CLANG_ENABLE_OBJC_ARC = YES;
				CLANG_ENABLE_OBJC_WEAK = YES;
				CLANG_WARN_BLOCK_CAPTURE_AUTORELEASING = YES;
				CLANG_WARN_BOOL_CONVERSION = YES;
				CLANG_WARN_COMMA = YES;
				CLANG_WARN_CONSTANT_CONVERSION = YES;
				CLANG_WARN_DEPRECATED_OBJC_IMPLEMENTATIONS = YES;
				CLANG_WARN_DIRECT_OBJC_ISA_USAGE = YES_ERROR;
				CLANG_WARN_DOCUMENTATION_COMMENTS = YES;
				CLANG_WARN_EMPTY_BODY = YES;
				CLANG_WARN_ENUM_CONVERSION = YES;
				CLANG_WARN_INFINITE_RECURSION = YES;
				CLANG_WARN_INT_CONVERSION = YES;
				CLANG_WARN_NON_LITERAL_NULL_CONVERSION = YES;
				CLANG_WARN_OBJC_IMPLICIT_RETAIN_SELF = YES;
				CLANG_WARN_OBJC_LITERAL_CONVERSION = YES;
				CLANG_WARN_OBJC_ROOT_CLASS = YES_ERROR;
				CLANG_WARN_RANGE_LOOP_ANALYSIS = YES;
				CLANG_WARN_STRICT_PROTOTYPES = YES;
				CLANG_WARN_SUSPICIOUS_MOVE = YES;
				CLANG_WARN_UNGUARDED_AVAILABILITY = YES_AGGRESSIVE;
				CLANG_WARN_UNREACHABLE_CODE = YES;
				CLANG_WARN__DUPLICATE_METHOD_MATCH = YES;
				CODE_SIGN_IDENTITY = "iPhone Developer";
				COPY_PHASE_STRIP = NO;
				DEBUG_INFORMATION_FORMAT = "dwarf-with-dsym";
				ENABLE_NS_ASSERTIONS = NO;
				ENABLE_STRICT_OBJC_MSGSEND = YES;
				GCC_C_LANGUAGE_STANDARD = gnu11;
				GCC_NO_COMMON_BLOCKS = YES;
				GCC_WARN_64_TO_32_BIT_CONVERSION = YES;
				GCC_WARN_ABOUT_RETURN_TYPE = YES_ERROR;
				GCC_WARN_UNDECLARED_SELECTOR = YES;
				GCC_WARN_UNINITIALIZED_AUTOS = YES_AGGRESSIVE;
				GCC_WARN_UNUSED_FUNCTION = YES;
				GCC_WARN_UNUSED_VARIABLE = YES;
				IPHONEOS_DEPLOYMENT_TARGET = 12.1;
				MTL_ENABLE_DEBUG_INFO = NO;
				MTL_FAST_MATH = YES;
				SDKROOT = iphoneos;
				SWIFT_COMPILATION_MODE = wholemodule;
				SWIFT_OPTIMIZATION_LEVEL = "-O";
				VALIDATE_PRODUCT = YES;
			};
			name = Release;
		};
		ADAB2710220352970080A411 /* Debug */ = {
			isa = XCBuildConfiguration;
			baseConfigurationReference = CBD6D0B5A032EC0895CA8299 /* Pods-VideoNetPlayer.debug.xcconfig */;
			buildSettings = {
				ASSETCATALOG_COMPILER_APPICON_NAME = AppIcon;
				CODE_SIGN_STYLE = Automatic;
				DEVELOPMENT_TEAM = D82HCVQN26;
				INFOPLIST_FILE = VideoNetPlayer/Info.plist;
				LD_RUNPATH_SEARCH_PATHS = (
					"$(inherited)",
					"@executable_path/Frameworks",
				);
				PRODUCT_BUNDLE_IDENTIFIER = alohaTest.VideoNetPlayer;
				PRODUCT_NAME = "$(TARGET_NAME)";
				SWIFT_VERSION = 4.2;
				TARGETED_DEVICE_FAMILY = "1,2";
			};
			name = Debug;
		};
		ADAB2711220352970080A411 /* Release */ = {
			isa = XCBuildConfiguration;
			baseConfigurationReference = 6D4B3D7C222D9D388D81C6EF /* Pods-VideoNetPlayer.release.xcconfig */;
			buildSettings = {
				ASSETCATALOG_COMPILER_APPICON_NAME = AppIcon;
				CODE_SIGN_STYLE = Automatic;
				DEVELOPMENT_TEAM = D82HCVQN26;
				INFOPLIST_FILE = VideoNetPlayer/Info.plist;
				LD_RUNPATH_SEARCH_PATHS = (
					"$(inherited)",
					"@executable_path/Frameworks",
				);
				PRODUCT_BUNDLE_IDENTIFIER = alohaTest.VideoNetPlayer;
				PRODUCT_NAME = "$(TARGET_NAME)";
				SWIFT_VERSION = 4.2;
				TARGETED_DEVICE_FAMILY = "1,2";
			};
			name = Release;
		};
/* End XCBuildConfiguration section */

/* Begin XCConfigurationList section */
		ADAB26F8220352960080A411 /* Build configuration list for PBXProject "VideoNetPlayer" */ = {
			isa = XCConfigurationList;
			buildConfigurations = (
				ADAB270D220352970080A411 /* Debug */,
				ADAB270E220352970080A411 /* Release */,
			);
			defaultConfigurationIsVisible = 0;
			defaultConfigurationName = Release;
		};
		ADAB270F220352970080A411 /* Build configuration list for PBXNativeTarget "VideoNetPlayer" */ = {
			isa = XCConfigurationList;
			buildConfigurations = (
				ADAB2710220352970080A411 /* Debug */,
				ADAB2711220352970080A411 /* Release */,
			);
			defaultConfigurationIsVisible = 0;
			defaultConfigurationName = Release;
		};
/* End XCConfigurationList section */
	};
	rootObject = ADAB26F5220352960080A411 /* Project object */;
}
